
Microsoft Visual Studio Solution File, Format Version 12.00
# Visual Studio Version 17
VisualStudioVersion = 17.12.35707.178
MinimumVisualStudioVersion = 10.0.40219.1
Project("{FAE04EC0-301F-11D3-BF4B-00C04F79EFBC}") = "Group4API", "Group4API\Group4API.csproj", "{107EF8D4-CBC5-4F2A-9E48-FE7E2D95BDED}"
EndProject
Project("{FAE04EC0-301F-11D3-BF4B-00C04F79EFBC}") = "Group4API.Test", "Group4API.Test\Group4API.Test.csproj", "{6C291075-2564-464A-834A-87527CA0E98C}"
EndProject
Global
	GlobalSection(SolutionConfigurationPlatforms) = preSolution
		Debug|Any CPU = Debug|Any CPU
		Release|Any CPU = Release|Any CPU
	EndGlobalSection
	GlobalSection(ProjectConfigurationPlatforms) = postSolution
		{107EF8D4-CBC5-4F2A-9E48-FE7E2D95BDED}.Debug|Any CPU.ActiveCfg = Debug|Any CPU
		{107EF8D4-CBC5-4F2A-9E48-FE7E2D95BDED}.Debug|Any CPU.Build.0 = Debug|Any CPU
		{107EF8D4-CBC5-4F2A-9E48-FE7E2D95BDED}.Release|Any CPU.ActiveCfg = Release|Any CPU
		{107EF8D4-CBC5-4F2A-9E48-FE7E2D95BDED}.Release|Any CPU.Build.0 = Release|Any CPU
		{6C291075-2564-464A-834A-87527CA0E98C}.Debug|Any CPU.ActiveCfg = Debug|Any CPU
		{6C291075-2564-464A-834A-87527CA0E98C}.Debug|Any CPU.Build.0 = Debug|Any CPU
		{6C291075-2564-464A-834A-87527CA0E98C}.Release|Any CPU.ActiveCfg = Release|Any CPU
		{6C291075-2564-464A-834A-87527CA0E98C}.Release|Any CPU.Build.0 = Release|Any CPU
	EndGlobalSection
	GlobalSection(SolutionProperties) = preSolution
		HideSolutionNode = FALSE
	EndGlobalSection
EndGlobal
